
Microsoft Visual Studio Solution File, Format Version 12.00
# Visual Studio Version 17
VisualStudioVersion = 17.13.35913.81 d17.13
MinimumVisualStudioVersion = 10.0.40219.1
Project("{FAE04EC0-301F-11D3-BF4B-00C04F79EFBC}") = "EmployeeLibrary", "EmployeeLibrary\EmployeeLibrary.csproj", "{58EE8850-4963-4F75-A4CD-0D25FB3BA98B}"
EndProject
Project("{FAE04EC0-301F-11D3-BF4B-00C04F79EFBC}") = "EmployeeConsole", "EmployeeConsole\EmployeeConsole.csproj", "{258ED942-B9A0-463F-8912-E9967633DF1D}"
EndProject
Global
	GlobalSection(SolutionConfigurationPlatforms) = preSolution
		Debug|Any CPU = Debug|Any CPU
		Release|Any CPU = Release|Any CPU
	EndGlobalSection
	GlobalSection(ProjectConfigurationPlatforms) = postSolution
		{58EE8850-4963-4F75-A4CD-0D25FB3BA98B}.Debug|Any CPU.ActiveCfg = Debug|Any CPU
		{58EE8850-4963-4F75-A4CD-0D25FB3BA98B}.Debug|Any CPU.Build.0 = Debug|Any CPU
		{58EE8850-4963-4F75-A4CD-0D25FB3BA98B}.Release|Any CPU.ActiveCfg = Release|Any CPU
		{58EE8850-4963-4F75-A4CD-0D25FB3BA98B}.Release|Any CPU.Build.0 = Release|Any CPU
		{258ED942-B9A0-463F-8912-E9967633DF1D}.Debug|Any CPU.ActiveCfg = Debug|Any CPU
		{258ED942-B9A0-463F-8912-E9967633DF1D}.Debug|Any CPU.Build.0 = Debug|Any CPU
		{258ED942-B9A0-463F-8912-E9967633DF1D}.Release|Any CPU.ActiveCfg = Release|Any CPU
		{258ED942-B9A0-463F-8912-E9967633DF1D}.Release|Any CPU.Build.0 = Release|Any CPU
	EndGlobalSection
	GlobalSection(SolutionProperties) = preSolution
		HideSolutionNode = FALSE
	EndGlobalSection
	GlobalSection(ExtensibilityGlobals) = postSolution
		SolutionGuid = {7143DA1C-CD1B-41ED-AE39-E0519E48D9AE}
	EndGlobalSection
EndGlobal
